
Microsoft Visual Studio Solution File, Format Version 12.00
# Visual Studio Version 16
VisualStudioVersion = 16.0.31515.178
MinimumVisualStudioVersion = 10.0.40219.1
Project("{888888A0-9F3D-457C-B088-3A5042F75D52}") = "StringsAndDates_Jeff Woosley_CIS261_WK1Lab1", "StringsAndDates_Jeff Woosley_CIS261_WK1Lab1.pyproj", "{482B9948-7246-41E3-849E-056AD5F34CDA}"
EndProject
Global
	GlobalSection(SolutionConfigurationPlatforms) = preSolution
		Debug|Any CPU = Debug|Any CPU
		Release|Any CPU = Release|Any CPU
	EndGlobalSection
	GlobalSection(ProjectConfigurationPlatforms) = postSolution
		{482B9948-7246-41E3-849E-056AD5F34CDA}.Debug|Any CPU.ActiveCfg = Debug|Any CPU
		{482B9948-7246-41E3-849E-056AD5F34CDA}.Release|Any CPU.ActiveCfg = Release|Any CPU
	EndGlobalSection
	GlobalSection(SolutionProperties) = preSolution
		HideSolutionNode = FALSE
	EndGlobalSection
	GlobalSection(ExtensibilityGlobals) = postSolution
		SolutionGuid = {70663DF2-81FA-4D61-AA79-6AECADFBDB74}
	EndGlobalSection
EndGlobal
